// !$*UTF8*$!
{
	archiveVersion = 1;
	classes = {
	};
	objectVersion = 56;
	objects = {

/* Begin PBXBuildFile section */
		16090FA62B1A111600C3F7B0 /* main.swift in Sources */ = {isa = PBXBuildFile; fileRef = 16090FA52B1A111600C3F7B0 /* main.swift */; };
		16090FAD2B1A112A00C3F7B0 /* 1.swift in Sources */ = {isa = PBXBuildFile; fileRef = 16090FAC2B1A112A00C3F7B0 /* 1.swift */; };
		16090FAF2B1A130100C3F7B0 /* utils.swift in Sources */ = {isa = PBXBuildFile; fileRef = 16090FAE2B1A130100C3F7B0 /* utils.swift */; };
		16090FB22B1A142000C3F7B0 /* input1.swift in Sources */ = {isa = PBXBuildFile; fileRef = 16090FB12B1A142000C3F7B0 /* input1.swift */; };
		1655F8B62B1C6A1400EC533B /* 3.swift in Sources */ = {isa = PBXBuildFile; fileRef = 1655F8B52B1C6A1400EC533B /* 3.swift */; };
		1655F8B82B1C6A1B00EC533B /* input3.swift in Sources */ = {isa = PBXBuildFile; fileRef = 1655F8B72B1C6A1B00EC533B /* input3.swift */; };
		1664D97A2B22F8D90032E2BA /* input8.swift in Sources */ = {isa = PBXBuildFile; fileRef = 1664D9792B22F8D90032E2BA /* input8.swift */; };
		1664D97C2B22F8DE0032E2BA /* 8.swift in Sources */ = {isa = PBXBuildFile; fileRef = 1664D97B2B22F8DE0032E2BA /* 8.swift */; };
		167172602B236684009D34D1 /* markus.swift in Sources */ = {isa = PBXBuildFile; fileRef = 1671725F2B236684009D34D1 /* markus.swift */; };
		169F30B22B1B242800604A35 /* 2.swift in Sources */ = {isa = PBXBuildFile; fileRef = 169F30B12B1B242800604A35 /* 2.swift */; };
		169F30B42B1B243900604A35 /* input2.swift in Sources */ = {isa = PBXBuildFile; fileRef = 169F30B32B1B243900604A35 /* input2.swift */; };
		16BFF5B62B21A4C800B29E36 /* 7.swift in Sources */ = {isa = PBXBuildFile; fileRef = 16BFF5B52B21A4C800B29E36 /* 7.swift */; };
		16BFF5B82B21A4CF00B29E36 /* input7.swift in Sources */ = {isa = PBXBuildFile; fileRef = 16BFF5B72B21A4CF00B29E36 /* input7.swift */; };
		16FEC5992B1DB09C0064D1E1 /* 4.swift in Sources */ = {isa = PBXBuildFile; fileRef = 16FEC5982B1DB09C0064D1E1 /* 4.swift */; };
		16FEC59B2B1DBDE60064D1E1 /* input4.swift in Sources */ = {isa = PBXBuildFile; fileRef = 16FEC59A2B1DBDE60064D1E1 /* input4.swift */; };
		16FEC59D2B1F01CB0064D1E1 /* 5.swift in Sources */ = {isa = PBXBuildFile; fileRef = 16FEC59C2B1F01CB0064D1E1 /* 5.swift */; };
		16FEC59F2B1F01DB0064D1E1 /* input5.swift in Sources */ = {isa = PBXBuildFile; fileRef = 16FEC59E2B1F01DB0064D1E1 /* input5.swift */; };
		16FEC5A12B20530E0064D1E1 /* 6.swift in Sources */ = {isa = PBXBuildFile; fileRef = 16FEC5A02B20530E0064D1E1 /* 6.swift */; };
		16FEC5A32B20531E0064D1E1 /* input6.swift in Sources */ = {isa = PBXBuildFile; fileRef = 16FEC5A22B20531E0064D1E1 /* input6.swift */; };
/* End PBXBuildFile section */

/* Begin PBXCopyFilesBuildPhase section */
		16090FA02B1A111600C3F7B0 /* CopyFiles */ = {
			isa = PBXCopyFilesBuildPhase;
			buildActionMask = 2147483647;
			dstPath = /usr/share/man/man1/;
			dstSubfolderSpec = 0;
			files = (
			);
			runOnlyForDeploymentPostprocessing = 1;
		};
/* End PBXCopyFilesBuildPhase section */

/* Begin PBXFileReference section */
		16090FA22B1A111600C3F7B0 /* AdventOfCode2023 */ = {isa = PBXFileReference; explicitFileType = "compiled.mach-o.executable"; includeInIndex = 0; path = AdventOfCode2023; sourceTree = BUILT_PRODUCTS_DIR; };
		16090FA52B1A111600C3F7B0 /* main.swift */ = {isa = PBXFileReference; lastKnownFileType = sourcecode.swift; path = main.swift; sourceTree = "<group>"; };
		16090FAC2B1A112A00C3F7B0 /* 1.swift */ = {isa = PBXFileReference; lastKnownFileType = sourcecode.swift; path = 1.swift; sourceTree = "<group>"; };
		16090FAE2B1A130100C3F7B0 /* utils.swift */ = {isa = PBXFileReference; lastKnownFileType = sourcecode.swift; path = utils.swift; sourceTree = "<group>"; };
		16090FB12B1A142000C3F7B0 /* input1.swift */ = {isa = PBXFileReference; lastKnownFileType = sourcecode.swift; path = input1.swift; sourceTree = "<group>"; };
		1655F8B52B1C6A1400EC533B /* 3.swift */ = {isa = PBXFileReference; lastKnownFileType = sourcecode.swift; path = 3.swift; sourceTree = "<group>"; };
		1655F8B72B1C6A1B00EC533B /* input3.swift */ = {isa = PBXFileReference; lastKnownFileType = sourcecode.swift; path = input3.swift; sourceTree = "<group>"; };
		1664D9792B22F8D90032E2BA /* input8.swift */ = {isa = PBXFileReference; lastKnownFileType = sourcecode.swift; path = input8.swift; sourceTree = "<group>"; };
		1664D97B2B22F8DE0032E2BA /* 8.swift */ = {isa = PBXFileReference; lastKnownFileType = sourcecode.swift; path = 8.swift; sourceTree = "<group>"; };
		1671725F2B236684009D34D1 /* markus.swift */ = {isa = PBXFileReference; lastKnownFileType = sourcecode.swift; path = markus.swift; sourceTree = "<group>"; };
		169F30B12B1B242800604A35 /* 2.swift */ = {isa = PBXFileReference; lastKnownFileType = sourcecode.swift; path = 2.swift; sourceTree = "<group>"; };
		169F30B32B1B243900604A35 /* input2.swift */ = {isa = PBXFileReference; lastKnownFileType = sourcecode.swift; path = input2.swift; sourceTree = "<group>"; };
		16BFF5B52B21A4C800B29E36 /* 7.swift */ = {isa = PBXFileReference; lastKnownFileType = sourcecode.swift; path = 7.swift; sourceTree = "<group>"; };
		16BFF5B72B21A4CF00B29E36 /* input7.swift */ = {isa = PBXFileReference; lastKnownFileType = sourcecode.swift; path = input7.swift; sourceTree = "<group>"; };
		16FEC5982B1DB09C0064D1E1 /* 4.swift */ = {isa = PBXFileReference; lastKnownFileType = sourcecode.swift; path = 4.swift; sourceTree = "<group>"; };
		16FEC59A2B1DBDE60064D1E1 /* input4.swift */ = {isa = PBXFileReference; lastKnownFileType = sourcecode.swift; path = input4.swift; sourceTree = "<group>"; };
		16FEC59C2B1F01CB0064D1E1 /* 5.swift */ = {isa = PBXFileReference; lastKnownFileType = sourcecode.swift; path = 5.swift; sourceTree = "<group>"; };
		16FEC59E2B1F01DB0064D1E1 /* input5.swift */ = {isa = PBXFileReference; lastKnownFileType = sourcecode.swift; path = input5.swift; sourceTree = "<group>"; };
		16FEC5A02B20530E0064D1E1 /* 6.swift */ = {isa = PBXFileReference; lastKnownFileType = sourcecode.swift; path = 6.swift; sourceTree = "<group>"; };
		16FEC5A22B20531E0064D1E1 /* input6.swift */ = {isa = PBXFileReference; lastKnownFileType = sourcecode.swift; path = input6.swift; sourceTree = "<group>"; };
/* End PBXFileReference section */

/* Begin PBXFrameworksBuildPhase section */
		16090F9F2B1A111600C3F7B0 /* Frameworks */ = {
			isa = PBXFrameworksBuildPhase;
			buildActionMask = 2147483647;
			files = (
			);
			runOnlyForDeploymentPostprocessing = 0;
		};
/* End PBXFrameworksBuildPhase section */

/* Begin PBXGroup section */
		16090F992B1A111600C3F7B0 = {
			isa = PBXGroup;
			children = (
				1671725E2B23667A009D34D1 /* FromOthers */,
				16090FB02B1A13FE00C3F7B0 /* Inputs */,
				16090FA42B1A111600C3F7B0 /* AdventOfCode2023 */,
				16090FA32B1A111600C3F7B0 /* Products */,
			);
			sourceTree = "<group>";
		};
		16090FA32B1A111600C3F7B0 /* Products */ = {
			isa = PBXGroup;
			children = (
				16090FA22B1A111600C3F7B0 /* AdventOfCode2023 */,
			);
			name = Products;
			sourceTree = "<group>";
		};
		16090FA42B1A111600C3F7B0 /* AdventOfCode2023 */ = {
			isa = PBXGroup;
			children = (
				16090FAC2B1A112A00C3F7B0 /* 1.swift */,
				169F30B12B1B242800604A35 /* 2.swift */,
				1655F8B52B1C6A1400EC533B /* 3.swift */,
				16FEC5982B1DB09C0064D1E1 /* 4.swift */,
				16FEC59C2B1F01CB0064D1E1 /* 5.swift */,
				16FEC5A02B20530E0064D1E1 /* 6.swift */,
				16BFF5B52B21A4C800B29E36 /* 7.swift */,
				1664D97B2B22F8DE0032E2BA /* 8.swift */,
				16090FAE2B1A130100C3F7B0 /* utils.swift */,
				16090FA52B1A111600C3F7B0 /* main.swift */,
			);
			path = AdventOfCode2023;
			sourceTree = "<group>";
		};
		16090FB02B1A13FE00C3F7B0 /* Inputs */ = {
			isa = PBXGroup;
			children = (
				16090FB12B1A142000C3F7B0 /* input1.swift */,
				169F30B32B1B243900604A35 /* input2.swift */,
				1655F8B72B1C6A1B00EC533B /* input3.swift */,
				16FEC59A2B1DBDE60064D1E1 /* input4.swift */,
				16FEC59E2B1F01DB0064D1E1 /* input5.swift */,
				16FEC5A22B20531E0064D1E1 /* input6.swift */,
				16BFF5B72B21A4CF00B29E36 /* input7.swift */,
				1664D9792B22F8D90032E2BA /* input8.swift */,
			);
			path = Inputs;
			sourceTree = "<group>";
		};
		1671725E2B23667A009D34D1 /* FromOthers */ = {
			isa = PBXGroup;
			children = (
				1671725F2B236684009D34D1 /* markus.swift */,
			);
			path = FromOthers;
			sourceTree = "<group>";
		};
/* End PBXGroup section */

/* Begin PBXNativeTarget section */
		16090FA12B1A111600C3F7B0 /* AdventOfCode2023 */ = {
			isa = PBXNativeTarget;
			buildConfigurationList = 16090FA92B1A111600C3F7B0 /* Build configuration list for PBXNativeTarget "AdventOfCode2023" */;
			buildPhases = (
				16090F9E2B1A111600C3F7B0 /* Sources */,
				16090F9F2B1A111600C3F7B0 /* Frameworks */,
				16090FA02B1A111600C3F7B0 /* CopyFiles */,
			);
			buildRules = (
			);
			dependencies = (
			);
			name = AdventOfCode2023;
			productName = AdventOfCode2023;
			productReference = 16090FA22B1A111600C3F7B0 /* AdventOfCode2023 */;
			productType = "com.apple.product-type.tool";
		};
/* End PBXNativeTarget section */

/* Begin PBXProject section */
		16090F9A2B1A111600C3F7B0 /* Project object */ = {
			isa = PBXProject;
			attributes = {
				BuildIndependentTargetsInParallel = 1;
				LastSwiftUpdateCheck = 1500;
				LastUpgradeCheck = 1500;
				TargetAttributes = {
					16090FA12B1A111600C3F7B0 = {
						CreatedOnToolsVersion = 15.0.1;
					};
				};
			};
			buildConfigurationList = 16090F9D2B1A111600C3F7B0 /* Build configuration list for PBXProject "AdventOfCode2023" */;
			compatibilityVersion = "Xcode 14.0";
			developmentRegion = en;
			hasScannedForEncodings = 0;
			knownRegions = (
				en,
				Base,
			);
			mainGroup = 16090F992B1A111600C3F7B0;
			productRefGroup = 16090FA32B1A111600C3F7B0 /* Products */;
			projectDirPath = "";
			projectRoot = "";
			targets = (
				16090FA12B1A111600C3F7B0 /* AdventOfCode2023 */,
			);
		};
/* End PBXProject section */

/* Begin PBXSourcesBuildPhase section */
		16090F9E2B1A111600C3F7B0 /* Sources */ = {
			isa = PBXSourcesBuildPhase;
			buildActionMask = 2147483647;
			files = (
				16FEC5A12B20530E0064D1E1 /* 6.swift in Sources */,
				16FEC59F2B1F01DB0064D1E1 /* input5.swift in Sources */,
				16090FAF2B1A130100C3F7B0 /* utils.swift in Sources */,
				16FEC5A32B20531E0064D1E1 /* input6.swift in Sources */,
				169F30B22B1B242800604A35 /* 2.swift in Sources */,
				1655F8B82B1C6A1B00EC533B /* input3.swift in Sources */,
				1664D97C2B22F8DE0032E2BA /* 8.swift in Sources */,
				16BFF5B62B21A4C800B29E36 /* 7.swift in Sources */,
				16FEC5992B1DB09C0064D1E1 /* 4.swift in Sources */,
				167172602B236684009D34D1 /* markus.swift in Sources */,
				16090FA62B1A111600C3F7B0 /* main.swift in Sources */,
				1664D97A2B22F8D90032E2BA /* input8.swift in Sources */,
				16FEC59B2B1DBDE60064D1E1 /* input4.swift in Sources */,
				16FEC59D2B1F01CB0064D1E1 /* 5.swift in Sources */,
				169F30B42B1B243900604A35 /* input2.swift in Sources */,
				16090FAD2B1A112A00C3F7B0 /* 1.swift in Sources */,
				16090FB22B1A142000C3F7B0 /* input1.swift in Sources */,
				16BFF5B82B21A4CF00B29E36 /* input7.swift in Sources */,
				1655F8B62B1C6A1400EC533B /* 3.swift in Sources */,
			);
			runOnlyForDeploymentPostprocessing = 0;
		};
/* End PBXSourcesBuildPhase section */

/* Begin XCBuildConfiguration section */
		16090FA72B1A111600C3F7B0 /* Debug */ = {
			isa = XCBuildConfiguration;
			buildSettings = {
				ALWAYS_SEARCH_USER_PATHS = NO;
				ASSETCATALOG_COMPILER_GENERATE_SWIFT_ASSET_SYMBOL_EXTENSIONS = YES;
				CLANG_ANALYZER_NONNULL = YES;
				CLANG_ANALYZER_NUMBER_OBJECT_CONVERSION = YES_AGGRESSIVE;
				CLANG_CXX_LANGUAGE_STANDARD = "gnu++20";
				CLANG_ENABLE_MODULES = YES;
				CLANG_ENABLE_OBJC_ARC = YES;
				CLANG_ENABLE_OBJC_WEAK = YES;
				CLANG_WARN_BLOCK_CAPTURE_AUTORELEASING = YES;
				CLANG_WARN_BOOL_CONVERSION = YES;
				CLANG_WARN_COMMA = YES;
				CLANG_WARN_CONSTANT_CONVERSION = YES;
				CLANG_WARN_DEPRECATED_OBJC_IMPLEMENTATIONS = YES;
				CLANG_WARN_DIRECT_OBJC_ISA_USAGE = YES_ERROR;
				CLANG_WARN_DOCUMENTATION_COMMENTS = YES;
				CLANG_WARN_EMPTY_BODY = YES;
				CLANG_WARN_ENUM_CONVERSION = YES;
				CLANG_WARN_INFINITE_RECURSION = YES;
				CLANG_WARN_INT_CONVERSION = YES;
				CLANG_WARN_NON_LITERAL_NULL_CONVERSION = YES;
				CLANG_WARN_OBJC_IMPLICIT_RETAIN_SELF = YES;
				CLANG_WARN_OBJC_LITERAL_CONVERSION = YES;
				CLANG_WARN_OBJC_ROOT_CLASS = YES_ERROR;
				CLANG_WARN_QUOTED_INCLUDE_IN_FRAMEWORK_HEADER = YES;
				CLANG_WARN_RANGE_LOOP_ANALYSIS = YES;
				CLANG_WARN_STRICT_PROTOTYPES = YES;
				CLANG_WARN_SUSPICIOUS_MOVE = YES;
				CLANG_WARN_UNGUARDED_AVAILABILITY = YES_AGGRESSIVE;
				CLANG_WARN_UNREACHABLE_CODE = YES;
				CLANG_WARN__DUPLICATE_METHOD_MATCH = YES;
				COPY_PHASE_STRIP = NO;
				DEBUG_INFORMATION_FORMAT = dwarf;
				ENABLE_STRICT_OBJC_MSGSEND = YES;
				ENABLE_TESTABILITY = YES;
				ENABLE_USER_SCRIPT_SANDBOXING = YES;
				GCC_C_LANGUAGE_STANDARD = gnu17;
				GCC_DYNAMIC_NO_PIC = NO;
				GCC_NO_COMMON_BLOCKS = YES;
				GCC_OPTIMIZATION_LEVEL = 0;
				GCC_PREPROCESSOR_DEFINITIONS = (
					"DEBUG=1",
					"$(inherited)",
				);
				GCC_WARN_64_TO_32_BIT_CONVERSION = YES;
				GCC_WARN_ABOUT_RETURN_TYPE = YES_ERROR;
				GCC_WARN_UNDECLARED_SELECTOR = YES;
				GCC_WARN_UNINITIALIZED_AUTOS = YES_AGGRESSIVE;
				GCC_WARN_UNUSED_FUNCTION = YES;
				GCC_WARN_UNUSED_VARIABLE = YES;
				LOCALIZATION_PREFERS_STRING_CATALOGS = YES;
				MACOSX_DEPLOYMENT_TARGET = 14.0;
				MTL_ENABLE_DEBUG_INFO = INCLUDE_SOURCE;
				MTL_FAST_MATH = YES;
				ONLY_ACTIVE_ARCH = YES;
				SDKROOT = macosx;
				SWIFT_ACTIVE_COMPILATION_CONDITIONS = "DEBUG $(inherited)";
				SWIFT_OPTIMIZATION_LEVEL = "-Onone";
			};
			name = Debug;
		};
		16090FA82B1A111600C3F7B0 /* Release */ = {
			isa = XCBuildConfiguration;
			buildSettings = {
				ALWAYS_SEARCH_USER_PATHS = NO;
				ASSETCATALOG_COMPILER_GENERATE_SWIFT_ASSET_SYMBOL_EXTENSIONS = YES;
				CLANG_ANALYZER_NONNULL = YES;
				CLANG_ANALYZER_NUMBER_OBJECT_CONVERSION = YES_AGGRESSIVE;
				CLANG_CXX_LANGUAGE_STANDARD = "gnu++20";
				CLANG_ENABLE_MODULES = YES;
				CLANG_ENABLE_OBJC_ARC = YES;
				CLANG_ENABLE_OBJC_WEAK = YES;
				CLANG_WARN_BLOCK_CAPTURE_AUTORELEASING = YES;
				CLANG_WARN_BOOL_CONVERSION = YES;
				CLANG_WARN_COMMA = YES;
				CLANG_WARN_CONSTANT_CONVERSION = YES;
				CLANG_WARN_DEPRECATED_OBJC_IMPLEMENTATIONS = YES;
				CLANG_WARN_DIRECT_OBJC_ISA_USAGE = YES_ERROR;
				CLANG_WARN_DOCUMENTATION_COMMENTS = YES;
				CLANG_WARN_EMPTY_BODY = YES;
				CLANG_WARN_ENUM_CONVERSION = YES;
				CLANG_WARN_INFINITE_RECURSION = YES;
				CLANG_WARN_INT_CONVERSION = YES;
				CLANG_WARN_NON_LITERAL_NULL_CONVERSION = YES;
				CLANG_WARN_OBJC_IMPLICIT_RETAIN_SELF = YES;
				CLANG_WARN_OBJC_LITERAL_CONVERSION = YES;
				CLANG_WARN_OBJC_ROOT_CLASS = YES_ERROR;
				CLANG_WARN_QUOTED_INCLUDE_IN_FRAMEWORK_HEADER = YES;
				CLANG_WARN_RANGE_LOOP_ANALYSIS = YES;
				CLANG_WARN_STRICT_PROTOTYPES = YES;
				CLANG_WARN_SUSPICIOUS_MOVE = YES;
				CLANG_WARN_UNGUARDED_AVAILABILITY = YES_AGGRESSIVE;
				CLANG_WARN_UNREACHABLE_CODE = YES;
				CLANG_WARN__DUPLICATE_METHOD_MATCH = YES;
				COPY_PHASE_STRIP = NO;
				DEBUG_INFORMATION_FORMAT = "dwarf-with-dsym";
				ENABLE_NS_ASSERTIONS = NO;
				ENABLE_STRICT_OBJC_MSGSEND = YES;
				ENABLE_USER_SCRIPT_SANDBOXING = YES;
				GCC_C_LANGUAGE_STANDARD = gnu17;
				GCC_NO_COMMON_BLOCKS = YES;
				GCC_WARN_64_TO_32_BIT_CONVERSION = YES;
				GCC_WARN_ABOUT_RETURN_TYPE = YES_ERROR;
				GCC_WARN_UNDECLARED_SELECTOR = YES;
				GCC_WARN_UNINITIALIZED_AUTOS = YES_AGGRESSIVE;
				GCC_WARN_UNUSED_FUNCTION = YES;
				GCC_WARN_UNUSED_VARIABLE = YES;
				LOCALIZATION_PREFERS_STRING_CATALOGS = YES;
				MACOSX_DEPLOYMENT_TARGET = 14.0;
				MTL_ENABLE_DEBUG_INFO = NO;
				MTL_FAST_MATH = YES;
				SDKROOT = macosx;
				SWIFT_COMPILATION_MODE = wholemodule;
			};
			name = Release;
		};
		16090FAA2B1A111600C3F7B0 /* Debug */ = {
			isa = XCBuildConfiguration;
			buildSettings = {
				CODE_SIGN_STYLE = Automatic;
				DEVELOPMENT_TEAM = N3BMHYY53W;
				ENABLE_HARDENED_RUNTIME = YES;
				PRODUCT_NAME = "$(TARGET_NAME)";
				SWIFT_VERSION = 5.0;
			};
			name = Debug;
		};
		16090FAB2B1A111600C3F7B0 /* Release */ = {
			isa = XCBuildConfiguration;
			buildSettings = {
				CODE_SIGN_STYLE = Automatic;
				DEVELOPMENT_TEAM = N3BMHYY53W;
				ENABLE_HARDENED_RUNTIME = YES;
				PRODUCT_NAME = "$(TARGET_NAME)";
				SWIFT_VERSION = 5.0;
			};
			name = Release;
		};
/* End XCBuildConfiguration section */

/* Begin XCConfigurationList section */
		16090F9D2B1A111600C3F7B0 /* Build configuration list for PBXProject "AdventOfCode2023" */ = {
			isa = XCConfigurationList;
			buildConfigurations = (
				16090FA72B1A111600C3F7B0 /* Debug */,
				16090FA82B1A111600C3F7B0 /* Release */,
			);
			defaultConfigurationIsVisible = 0;
			defaultConfigurationName = Release;
		};
		16090FA92B1A111600C3F7B0 /* Build configuration list for PBXNativeTarget "AdventOfCode2023" */ = {
			isa = XCConfigurationList;
			buildConfigurations = (
				16090FAA2B1A111600C3F7B0 /* Debug */,
				16090FAB2B1A111600C3F7B0 /* Release */,
			);
			defaultConfigurationIsVisible = 0;
			defaultConfigurationName = Release;
		};
/* End XCConfigurationList section */
	};
	rootObject = 16090F9A2B1A111600C3F7B0 /* Project object */;
}
